github.com/mattn/go-colorable v0.1.2/go.mod h1:U0ppj6V5qS13XJ6of8GYAs25YV2eR4EVcfRqFIhoBtE=
github.com/mattn/go-isatty v0.0.8/go.mod h1:Iq45c/XA43vh69/j3iqttzPXn0bhXyGjM0Hdxcsrc5s=
github.com/mdp/qrterminal v1.0.1/go.mod h1:Z33WhxQe9B6CdW37HaVqcRKzP+kByF3q/qLxOGe12xQ=
github.com/mdp/qrterminal/v3 v3.0.0 h1:ywQqLRBXWTktytQNDKFjhAvoGkLVN3J2tAFZ0kMd9xQ=
github.com/mdp/qrterminal/v3 v3.0.0/go.mod h1:NJpfAs7OAm77Dy8EkWrtE4aq+cE6McoLXlBqXQEwvE0=
github.com/oasisprotocol/curve25519-voi v0.0.0-20220328075252-7dd334e3daae h1:7smdlrfdcZic4VfsGKD2ulWL804a4GVphr4s7WZxGiY=
github.com/oasisprotocol/curve25519-voi v0.0.0-20220328075252-7dd334e3daae/go.mod h1:hVoHR2EVESiICEMbg137etN/Lx+lSrHPTD39Z/uE+2s=
github.com/sigurn/crc16 v0.0.0-20211026045750-20ab5afb07e3 h1:aQKxg3+2p+IFXXg97McgDGT5zcMrQoi0EICZs8Pgchs=
github.com/sigurn/crc16 v0.0.0-20211026045750-20ab5afb07e3/go.mod h1:9/etS5gpQq9BJsJMWg1wpLbfuSnkm8dPF6FdW2JXVhA=
github.com/xssnick/tonutils-go v1.4.1-0.20230104071121-ea298b3f43bf h1:7/1TG+QtY+2iShUDBrk5md2MsoQdQoDTVA0Y5wQzWqo=
github.com/xssnick/tonutils-go v1.4.1-0.20230104071121-ea298b3f43bf/go.mod h1:wH8ldhLueyfXW15r3MyaIq9YzA+8bzvL6UMU2BLp08g=
github.com/xssnick/tonutils-go v1.4.1-0.20230105102919-ccef5d2df6d6 h1:+pjQm/XaGEkM8EvAIH71LYublRbQd9FHQu/QmMNlVZY=
github.com/xssnick/tonutils-go v1.4.1-0.20230105102919-ccef5d2df6d6/go.mod h1:wH8ldhLueyfXW15r3MyaIq9YzA+8bzvL6UMU2BLp08g=
github.com/xssnick/tonutils-go v1.4.1-0.20230105104053-4383b5685f25 h1:j3rldNOsZcvXI5S4a11d1VGMBba6iQMbR5tFA6XePHw=
github.com/xssnick/tonutils-go v1.4.1-0.20230105104053-4383b5685f25/go.mod h1:wH8ldhLueyfXW15r3MyaIq9YzA+8bzvL6UMU2BLp08g=
github.com/xssnick/tonutils-go v1.4.1-0.20230105112003-8e5bcf7996e3 h1:7YzXrjRkfi88sIFLb0zMA/ObM0zco1NNdmmkLGassXY=
github.com/xssnick/tonutils-go v1.4.1-0.20230105112003-8e5bcf7996e3/go.mod h1:wH8ldhLueyfXW15r3MyaIq9YzA+8bzvL6UMU2BLp08g=
github.com/xssnick/tonutils-go v1.4.1-0.20230105125805-e2f0ce4ff0ca h1:Dipt8QfSXxOtUi4r/6hehFyFQKPFoFm7J4ylgAyVM+w=
github.com/xssnick/tonutils-go v1.4.1-0.20230105125805-e2f0ce4ff0ca/go.mod h1:wH8ldhLueyfXW15r3MyaIq9YzA+8bzvL6UMU2BLp08g=
github.com/xssnick/tonutils-go v1.4.1-0.20230105130210-7dac9b385ae8 h1:aFxrX4LlLF8fFxvc63krftBIr4GniQwYtD+Qa+qpUjM=
github.com/xssnick/tonutils-go v1.4.1-0.20230105130210-7dac9b385ae8/go.mod h1:wH8ldhLueyfXW15r3MyaIq9YzA+8bzvL6UMU2BLp08g=
github.com/xssnick/tonutils-go v1.4.1-0.20230105135949-07e7d310b500 h1:CYN52UHshsRqKQVTCsglpkDYeUiCiDmJ9XvBl4TYPmM=
github.com/xssnick/tonutils-go v1.4.1-0.20230105135949-07e7d310b500/go.mod h1:wH8ldhLueyfXW15r3MyaIq9YzA+8bzvL6UMU2BLp08g=
github.com/xssnick/tonutils-go v1.4.1-0.20230105144157-1acc5c35ec55 h1:Xjpp89zv1j3leioWKyI/jNBoEs9RRYZLMsBt9Vqmcl4=
github.com/xssnick/tonutils-go v1.4.1-0.20230105144157-1acc5c35ec55/go.mod h1:wH8ldhLueyfXW15r3MyaIq9YzA+8bzvL6UMU2BLp08g=
github.com/xssnick/tonutils-go v1.4.1-0.20230105145124-7ec08990ca0d h1:r6EyJ4FF2nkQxQoCw4rk4xWH1i5iv65w8pNMBYmI30Y=
github.com/xssnick/tonutils-go v1.4.1-0.20230105145124-7ec08990ca0d/go.mod h1:wH8ldhLueyfXW15r3MyaIq9YzA+8bzvL6UMU2BLp08g=
github.com/xssnick/tonutils-go v1.4.1-0.20230105145223-b2cdf00d4217 h1:Y+FJwD3rdLnJ26AduivKzDXM24HMpdYlmOlm5yIq/es=
github.com/xssnick/tonutils-go v1.4.1-0.20230105145223-b2cdf00d4217/go.mod h1:wH8ldhLueyfXW15r3MyaIq9YzA+8bzvL6UMU2BLp08g=
github.com/xssnick/tonutils-go v1.4.1-0.20230105150812-e8e62fd3c7ed h1:ceisfLz1F82Rw2ceMHjeuS0jKFmuc1zJD3X0IRC63Oc=
github.com/xssnick/tonutils-go v1.4.1-0.20230105150812-e8e62fd3c7ed/go.mod h1:wH8ldhLueyfXW15r3MyaIq9YzA+8bzvL6UMU2BLp08g=
github.com/xssnick/tonutils-go v1.4.1-0.20230105200446-7b4bf40f6bc4 h1:RfKzgt+SnfUy+52bK8qhCS51VNgHKA+03Xgfh2YGnUM=
github.com/xssnick/tonutils-go v1.4.1-0.20230105200446-7b4bf40f6bc4/go.mod h1:wH8ldhLueyfXW15r3MyaIq9YzA+8bzvL6UMU2BLp08g=
github.com/xssnick/tonutils-go v1.4.1-0.20230106083652-c58b9000f753 h1:b3mFOW1pzhm6ZCO0vJfsCMqPMUASZc0iKSiMXFavwCs=
github.com/xssnick/tonutils-go v1.4.1-0.20230106083652-c58b9000f753/go.mod h1:wH8ldhLueyfXW15r3MyaIq9YzA+8bzvL6UMU2BLp08g=
github.com/xssnick/tonutils-go v1.4.1-0.20230109071734-fdbe878619c6 h1:tDOyRZMFTkBg8fIVsIKEzLSYi0G2LSqe/l21OHP/AeU=
github.com/xssnick/tonutils-go v1.4.1-0.20230109071734-fdbe878619c6/go.mod h1:wH8ldhLueyfXW15r3MyaIq9YzA+8bzvL6UMU2BLp08g=
github.com/xssnick/tonutils-go v1.4.1-0.20230109084518-8de341ed7173 h1:MK9hEX1LIaeDBfemVGg4VsybMOxXV+x6wSnCl9Parcg=
github.com/xssnick/tonutils-go v1.4.1-0.20230109084518-8de341ed7173/go.mod h1:wH8ldhLueyfXW15r3MyaIq9YzA+8bzvL6UMU2BLp08g=
github.com/xssnick/tonutils-go v1.4.1-0.20230109100406-c0dbfa18acae h1:/MrClKyZdLDOeBsnf63JMSve/VOjr7t2qnhXa4XA1ZE=
github.com/xssnick/tonutils-go v1.4.1-0.20230109100406-c0dbfa18acae/go.mod h1:wH8ldhLueyfXW15r3MyaIq9YzA+8bzvL6UMU2BLp08g=
github.com/xssnick/tonutils-go v1.4.1-0.20230109121500-218a56a37064 h1:KHegLxTVABg2ooy+e/r6wyego5pYmhb7zJzoEeZMwug=
github.com/xssnick/tonutils-go v1.4.1-0.20230109121500-218a56a37064/go.mod h1:wH8ldhLueyfXW15r3MyaIq9YzA+8bzvL6UMU2BLp08g=
github.com/xssnick/tonutils-go v1.4.1-0.20230109125855-ce4e62c44be4 h1:ihkJUII8dOq5SjDEt+kfg18I/5eLJrGwcKsVgEt5apc=
github.com/xssnick/tonutils-go v1.4.1-0.20230109125855-ce4e62c44be4/go.mod h1:wH8ldhLueyfXW15r3MyaIq9YzA+8bzvL6UMU2BLp08g=
github.com/xssnick/tonutils-go v1.4.1-0.20230109130346-b0cd607f9ab5 h1:BkYqyX87xkZ1MmlP5SGV42lSnewJPrB2WCArPDzaVCI=
github.com/xssnick/tonutils-go v1.4.1-0.20230109130346-b0cd607f9ab5/go.mod h1:wH8ldhLueyfXW15r3MyaIq9YzA+8bzvL6UMU2BLp08g=
github.com/xssnick/tonutils-go v1.4.1-0.20230111063410-3fe2a189cd60 h1:Tc9Lm9G3VGjIb29/tjKk2tgwlSFBIvnwpgGaMF6B+4U=
github.com/xssnick/tonutils-go v1.4.1-0.20230111063410-3fe2a189cd60/go.mod h1:wH8ldhLueyfXW15r3MyaIq9YzA+8bzvL6UMU2BLp08g=
github.com/xssnick/tonutils-go v1.4.1-0.20230111065721-26547c5ebc1e h1:V09j1fNm1pWsdULpeTic2r16nqH00A41kBlzjurc/UA=
github.com/xssnick/tonutils-go v1.4.1-0.20230111065721-26547c5ebc1e/go.mod h1:wH8ldhLueyfXW15r3MyaIq9YzA+8bzvL6UMU2BLp08g=
github.com/xssnick/tonutils-go v1.4.1-0.20230111070238-84e56fb29fc5 h1:21bO7IXo0gjG5HwkMg6VqbOMUzwP7C4eMeMFACjGuVw=
github.com/xssnick/tonutils-go v1.4.1-0.20230111070238-84e56fb29fc5/go.mod h1:wH8ldhLueyfXW15r3MyaIq9YzA+8bzvL6UMU2BLp08g=
github.com/xssnick/tonutils-go v1.5.1-0.20230123133014-c4a895d57e23 h1:bJfFUtWMQC9QkdOtnQQuWmFgYHMefUyZUmQeed6MkKE=
github.com/xssnick/tonutils-go v1.5.1-0.20230123133014-c4a895d57e23/go.mod h1:wH8ldhLueyfXW15r3MyaIq9YzA+8bzvL6UMU2BLp08g=
github.com/xssnick/tonutils-go v1.5.1-0.20230131083811-f2432838f9cc h1:TEyycMu6wLBthFjeBeFvPfdQwfK3LdWnJkx5iYH1TgQ=
github.com/xssnick/tonutils-go v1.5.1-0.20230131083811-f2432838f9cc/go.mod h1:wH8ldhLueyfXW15r3MyaIq9YzA+8bzvL6UMU2BLp08g=
github.com/xssnick/tonutils-go v1.5.3-0.20230220100828-dbce647061b4 h1:xptXTCkdt07WLQUct8tLrzwMWYCndvdcOjoy3sa22m4=
github.com/xssnick/tonutils-go v1.5.3-0.20230220100828-dbce647061b4/go.mod h1:wH8ldhLueyfXW15r3MyaIq9YzA+8bzvL6UMU2BLp08g=
github.com/xssnick/tonutils-go v1.5.3-0.20230224103525-a740f2b2aa76 h1:6W7QanatmrKV4JvoBndRC97VS8k4HKzB1io/RW3oMcM=
github.com/xssnick/tonutils-go v1.5.3-0.20230224103525-a740f2b2aa76/go.mod h1:wH8ldhLueyfXW15r3MyaIq9YzA+8bzvL6UMU2BLp08g=
golang.org/x/crypto v0.0.0-20220321153916-2c7772ba3064 h1:S25/rfnfsMVgORT4/J61MJ7rdyseOZOyvLIrZEZ7s6s=
golang.org/x/crypto v0.0.0-20220321153916-2c7772ba3064/go.mod h1:IxCIyHEi3zRg3s0A5j5BB6A9Jmi73HwBIUl50j+osU4=
golang.org/x/sys v0.0.0-20190222072716-a9d3bda3a223/go.mod h1:STP8DvDyc/dI5b8T5hshtkjS+E42TnysNCUPdjciGhY=
golang.org/x/sys v0.0.0-20220325203850-36772127a21f h1:TrmogKRsSOxRMJbLYGrB4SBbW+LJcEllYBLME5Zk5pU=
golang.org/x/sys v0.0.0-20220325203850-36772127a21f/go.mod h1:oPkhp1MJrh7nUepCBck5+mAzfO9JrbApNNgaTdGDITg=
rsc.io/qr v0.2.0 h1:6vBLea5/NRMVTz8V66gipeLycZMl/+UlFmk8DvqQ6WY=
rsc.io/qr v0.2.0/go.mod h1:IF+uZjkb9fqyeF/4tlBoynqmQxUoPfWEKh921coOuXs=
